
Microsoft Visual Studio Solution File, Format Version 12.00
# Visual Studio Version 16
VisualStudioVersion = 16.0.28803.452
MinimumVisualStudioVersion = 10.0.40219.1
Project("{FAE04EC0-301F-11D3-BF4B-00C04F79EFBC}") = "RJOPointOfSale", "RJOPointOfSale\RJOPointOfSale.csproj", "{9E488DEC-F977-41CB-952E-814DCC8A2E2D}"
	ProjectSection(ProjectDependencies) = postProject
		{84016B9A-7680-400B-A374-E61FC8CE9D07} = {84016B9A-7680-400B-A374-E61FC8CE9D07}
	EndProjectSection
EndProject
Project("{FAE04EC0-301F-11D3-BF4B-00C04F79EFBC}") = "KitchenScreenClient", "KitchenScreenClient\KitchenScreenClient.csproj", "{84016B9A-7680-400B-A374-E61FC8CE9D07}"
EndProject
Global
	GlobalSection(SolutionConfigurationPlatforms) = preSolution
		Debug|Any CPU = Debug|Any CPU
		Release|Any CPU = Release|Any CPU
	EndGlobalSection
	GlobalSection(ProjectConfigurationPlatforms) = postSolution
		{9E488DEC-F977-41CB-952E-814DCC8A2E2D}.Debug|Any CPU.ActiveCfg = Debug|Any CPU
		{9E488DEC-F977-41CB-952E-814DCC8A2E2D}.Debug|Any CPU.Build.0 = Debug|Any CPU
		{9E488DEC-F977-41CB-952E-814DCC8A2E2D}.Release|Any CPU.ActiveCfg = Release|Any CPU
		{9E488DEC-F977-41CB-952E-814DCC8A2E2D}.Release|Any CPU.Build.0 = Release|Any CPU
		{84016B9A-7680-400B-A374-E61FC8CE9D07}.Debug|Any CPU.ActiveCfg = Debug|Any CPU
		{84016B9A-7680-400B-A374-E61FC8CE9D07}.Debug|Any CPU.Build.0 = Debug|Any CPU
		{84016B9A-7680-400B-A374-E61FC8CE9D07}.Release|Any CPU.ActiveCfg = Release|Any CPU
		{84016B9A-7680-400B-A374-E61FC8CE9D07}.Release|Any CPU.Build.0 = Release|Any CPU
	EndGlobalSection
	GlobalSection(SolutionProperties) = preSolution
		HideSolutionNode = FALSE
	EndGlobalSection
	GlobalSection(ExtensibilityGlobals) = postSolution
		SolutionGuid = {A31E68D0-4A44-4BC3-A4C7-6F10ABE78EEF}
	EndGlobalSection
EndGlobal
